<?xml version="1.0" encoding="utf-8"?>
<Project ToolsVersion="4.0" xmlns="http://schemas.microsoft.com/developer/msbuild/2003">
  <ItemGroup>
    <Filter Include="源文件">
      <UniqueIdentifier>{4FC737F1-C7A5-4376-A066-2A32D752A2FF}</UniqueIdentifier>
      <Extensions>cpp;c;cc;cxx;def;odl;idl;hpj;bat;asm;asmx</Extensions>
    </Filter>
    <Filter Include="头文件">
      <UniqueIdentifier>{93995380-89BD-4b04-88EB-625FBE52EBFB}</UniqueIdentifier>
      <Extensions>h;hh;hpp;hxx;hm;inl;inc;xsd</Extensions>
    </Filter>
    <Filter Include="资源文件">
      <UniqueIdentifier>{67DA6AB6-F800-4c08-8B7A-83BB121AAD01}</UniqueIdentifier>
      <Extensions>rc;ico;cur;bmp;dlg;rc2;rct;bin;rgs;gif;jpg;jpeg;jpe;resx;tiff;tif;png;wav;mfcribbon-ms</Extensions>
    </Filter>
    <Filter Include="lgraph">
      <UniqueIdentifier>{f155abda-515a-4643-ab19-ef5393c05785}</UniqueIdentifier>
    </Filter>
  </ItemGroup>
  <ItemGroup>
    <ClInclude Include="src\LCanvas.h">
      <Filter>头文件</Filter>
    </ClInclude>
    <ClInclude Include="src\LCircleDrawer.h">
      <Filter>头文件</Filter>
    </ClInclude>
    <ClInclude Include="src\LCuller.h">
      <Filter>头文件</Filter>
    </ClInclude>
    <ClInclude Include="src\LDrawHelper.h">
      <Filter>头文件</Filter>
    </ClInclude>
    <ClInclude Include="src\lgraph_template.h">
      <Filter>头文件</Filter>
    </ClInclude>
    <ClInclude Include="src\LImageBuffer.h">
      <Filter>头文件</Filter>
    </ClInclude>
    <ClInclude Include="src\LLighter.h">
      <Filter>头文件</Filter>
    </ClInclude>
    <ClInclude Include="src\LLineDrawer.h">
      <Filter>头文件</Filter>
    </ClInclude>
    <ClInclude Include="src\lmesh.h">
      <Filter>头文件</Filter>
    </ClInclude>
    <ClInclude Include="src\LPointDrawer.h">
      <Filter>头文件</Filter>
    </ClInclude>
    <ClInclude Include="src\LRectDrawer.h">
      <Filter>头文件</Filter>
    </ClInclude>
    <ClInclude Include="src\lrender_line.h">
      <Filter>头文件</Filter>
    </ClInclude>
    <ClInclude Include="src\lrender_triangle.h">
      <Filter>头文件</Filter>
    </ClInclude>
    <ClInclude Include="src\lscene.h">
      <Filter>头文件</Filter>
    </ClInclude>
    <ClInclude Include="src\lshadow.h">
      <Filter>头文件</Filter>
    </ClInclude>
    <ClInclude Include="src\lsoft_light.h">
      <Filter>头文件</Filter>
    </ClInclude>
    <ClInclude Include="src\lsoft_shader.h">
      <Filter>头文件</Filter>
    </ClInclude>
    <ClInclude Include="src\LSoftGraph.h">
      <Filter>头文件</Filter>
    </ClInclude>
    <ClInclude Include="src\LSurface.h">
      <Filter>头文件</Filter>
    </ClInclude>
    <ClInclude Include="src\lterrain.h">
      <Filter>头文件</Filter>
    </ClInclude>
    <ClInclude Include="src\ltexture.h">
      <Filter>头文件</Filter>
    </ClInclude>
    <ClInclude Include="src\LTimer.h">
      <Filter>头文件</Filter>
    </ClInclude>
    <ClInclude Include="src\LTriangleDrawer.h">
      <Filter>头文件</Filter>
    </ClInclude>
    <ClInclude Include="src\LTriDrawer.h">
      <Filter>头文件</Filter>
    </ClInclude>
    <ClInclude Include="src\lvertex_lerper.h">
      <Filter>头文件</Filter>
    </ClInclude>
    <ClInclude Include="src\LVertexTransformer.h">
      <Filter>头文件</Filter>
    </ClInclude>
    <ClInclude Include="src\lwater.h">
      <Filter>头文件</Filter>
    </ClInclude>
    <ClInclude Include="src\ldata_processor.hpp">
      <Filter>头文件</Filter>
    </ClInclude>
    <ClInclude Include="src\lgraph.hpp">
      <Filter>头文件</Filter>
    </ClInclude>
    <ClInclude Include="src\lprimitive_drawer.hpp">
      <Filter>头文件</Filter>
    </ClInclude>
    <ClInclude Include="src\lstream_processor.hpp">
      <Filter>头文件</Filter>
    </ClInclude>
    <ClInclude Include="src\ltriangle_drawer.hpp">
      <Filter>头文件</Filter>
    </ClInclude>
  </ItemGroup>
  <ItemGroup>
    <ClCompile Include="src\LCanvas.cpp">
      <Filter>源文件</Filter>
    </ClCompile>
    <ClCompile Include="src\LSoftGraph.cpp">
      <Filter>源文件</Filter>
    </ClCompile>
    <ClCompile Include="src\testMain.cpp">
      <Filter>源文件</Filter>
    </ClCompile>
  </ItemGroup>
</Project>